
Microsoft Visual Studio Solution File, Format Version 12.00
Project("{FAE04EC0-301F-11D3-BF4B-00C04F79EFBC}") = "KubernetesClient.Extensions.Configuration", "KubernetesClient.Extensions.Configuration\KubernetesClient.Extensions.Configuration.csproj", "{4ACDC7CD-3885-4F90-9151-EA124D655631}"
EndProject
Global
	GlobalSection(SolutionConfigurationPlatforms) = preSolution
		Debug|Any CPU = Debug|Any CPU
		Release|Any CPU = Release|Any CPU
	EndGlobalSection
	GlobalSection(ProjectConfigurationPlatforms) = postSolution
		{4ACDC7CD-3885-4F90-9151-EA124D655631}.Debug|Any CPU.ActiveCfg = Debug|Any CPU
		{4ACDC7CD-3885-4F90-9151-EA124D655631}.Debug|Any CPU.Build.0 = Debug|Any CPU
		{4ACDC7CD-3885-4F90-9151-EA124D655631}.Release|Any CPU.ActiveCfg = Release|Any CPU
		{4ACDC7CD-3885-4F90-9151-EA124D655631}.Release|Any CPU.Build.0 = Release|Any CPU
	EndGlobalSection
EndGlobal
